
Microsoft Visual Studio Solution File, Format Version 12.00
# Visual Studio Version 17
VisualStudioVersion = 17.5.002.0
MinimumVisualStudioVersion = 10.0.40219.1
Project("{9A19103F-16F7-4668-BE54-9A1E7A4F7556}") = "ToDoAppWeb", "ToDoAppWeb.csproj", "{CC9A30A7-1777-4449-B613-58E3FB27F9AF}"
EndProject
Global
	GlobalSection(SolutionConfigurationPlatforms) = preSolution
		Debug|Any CPU = Debug|Any CPU
		Release|Any CPU = Release|Any CPU
	EndGlobalSection
	GlobalSection(ProjectConfigurationPlatforms) = postSolution
		{CC9A30A7-1777-4449-B613-58E3FB27F9AF}.Debug|Any CPU.ActiveCfg = Debug|Any CPU
		{CC9A30A7-1777-4449-B613-58E3FB27F9AF}.Debug|Any CPU.Build.0 = Debug|Any CPU
		{CC9A30A7-1777-4449-B613-58E3FB27F9AF}.Release|Any CPU.ActiveCfg = Release|Any CPU
		{CC9A30A7-1777-4449-B613-58E3FB27F9AF}.Release|Any CPU.Build.0 = Release|Any CPU
	EndGlobalSection
	GlobalSection(SolutionProperties) = preSolution
		HideSolutionNode = FALSE
	EndGlobalSection
	GlobalSection(ExtensibilityGlobals) = postSolution
		SolutionGuid = {E994C391-1AE2-43C4-9625-B250CB189D0C}
	EndGlobalSection
EndGlobal
